# @generated - this file is auto-generated by `mise lock` https://mise.jdx.dev/dev-tools/mise-lock.html

[[tools.dotnet]]
version = "8.0.414"
backend = "asdf:dotnet"

[[tools."github:pulumi/pulumictl"]]
version = "0.0.50"
backend = "github:pulumi/pulumictl"

[tools."github:pulumi/pulumictl"."platforms.linux-x64"]
checksum = "blake3:c128dd74993f779c613296fe7cd21c20cbd323f24e59cb76e007620660b60348"
url = "https://github.com/pulumi/pulumictl/releases/download/v0.0.50/pulumictl-v0.0.50-linux-amd64.tar.gz"
url_api = ""

[[tools."github:pulumi/schema-tools"]]
version = "0.8.1"
backend = "github:pulumi/schema-tools"

[tools."github:pulumi/schema-tools"."platforms.linux-x64"]
checksum = "sha256:8bd60e19dc61f8566738e9ad43e1c18dd0e8401d8de4a39258ac8fc38097be7e"
url = "https://github.com/pulumi/schema-tools/releases/download/v0.8.1/schema-tools-v0.8.1-linux-amd64.tar.gz"
url_api = "https://api.github.com/repos/pulumi/schema-tools/releases/assets/491638900"

[tools."github:pulumi/schema-tools"."platforms.macos-arm64"]
checksum = "sha256:734ef910eda72558c3dd268bef385f220df916d443aea8d18b8ed4a94534cbcb"
url = "https://github.com/pulumi/schema-tools/releases/download/v0.8.1/schema-tools-v0.8.1-darwin-arm64.tar.gz"
url_api = "https://api.github.com/repos/pulumi/schema-tools/releases/assets/491638942"

[[tools.go]]
version = "1.24.10"
backend = "core:go"

[tools.go."platforms.linux-x64"]
checksum = "sha256:dd52b974e3d9c5a7bbfb222c685806def6be5d6f7efd10f9caa9ca1fa2f47955"
url = "https://dl.google.com/go/go1.24.10.linux-amd64.tar.gz"

[[tools.golangci-lint]]
version = "2.14.0"
backend = "aqua:golangci/golangci-lint"

[tools.golangci-lint."platforms.linux-x64"]
checksum = "sha256:ab90aeb7b066f92a33415b638a50fe5344bbb75a0d32ad30cc248d88f81032ab"
url = "https://github.com/golangci/golangci-lint/releases/download/v2.14.0/golangci-lint-2.14.0-linux-amd64.tar.gz"
url_api = "https://api.github.com/repos/golangci/golangci-lint/releases/assets/585813815"
provenance = "github-attestations"

[tools.golangci-lint."platforms.macos-arm64"]
checksum = "sha256:5ef5f36a7147e91dc58ef9ef4d11bb7bad5ead0c76eb6c01327a73c641d1dcc3"
url = "https://github.com/golangci/golangci-lint/releases/download/v2.14.0/golangci-lint-2.14.0-darwin-arm64.tar.gz"
url_api = "https://api.github.com/repos/golangci/golangci-lint/releases/assets/585813591"
provenance = "github-attestations"

[[tools.gradle]]
version = "7.6.6"
backend = "aqua:gradle/gradle"

[tools.gradle."platforms.linux-x64"]
checksum = "blake3:5cad8fc455b720b68a0bd2907d435e2919581708243f84f27845fe8812a09323"
url = "https://github.com/gradle/gradle-distributions/releases/download/v7.6.6/gradle-7.6.6-bin.zip"

[[tools.java]]
version = "corretto-11.0.32.12.1"
backend = "core:java"

[tools.java."platforms.linux-x64"]
checksum = "sha256:826ab4fb0669a8afc25a927264017ba71a62b1f9e701a7b7e1ea6090866c0668"
url = "https://corretto.aws/downloads/resources/11.0.32.12.1/amazon-corretto-11.0.32.12.1-linux-x64.tar.gz"

[tools.java."platforms.macos-arm64"]
checksum = "sha256:4aa39d366c886629fb58dead41843d21a2f77d48bfbb6c397970fc819f78ad75"
url = "https://corretto.aws/downloads/resources/11.0.32.12.1/amazon-corretto-11.0.32.12.1-macosx-aarch64.tar.gz"

[[tools.node]]
version = "24.21.0"
backend = "core:node"

[tools.node."platforms.linux-x64"]
checksum = "sha256:6e1db87ef58b8819e5d5402eff1536491b18edd8eb7bee5ef7897876e88dc5ff"
url = "https://nodejs.org/dist/v24.21.0/node-v24.21.0-linux-x64.tar.gz"

[tools.node."platforms.macos-arm64"]
checksum = "sha256:bed7eea5325e1108f32ce5228ddd6a5f0f08a499ee42aa7442aea583702f6057"
url = "https://nodejs.org/dist/v24.21.0/node-v24.21.0-darwin-arm64.tar.gz"

[[tools."npm:yarn"]]
version = "1.22.22"
backend = "npm:yarn"

[[tools.pulumi]]
version = "3.207.0"
backend = "aqua:pulumi/pulumi"

[tools.pulumi."platforms.linux-x64"]
checksum = "sha256:6ebc94fdf98833f4573b6a086f636f53c59245a490f516e03b875dabc41514a6"
url = "https://github.com/pulumi/pulumi/releases/download/v3.207.0/pulumi-v3.207.0-linux-x64.tar.gz"

[[tools.python]]
version = "3.14.8"
backend = "core:python"

[tools.python."platforms.linux-x64"]
checksum = "sha256:b373a4a4e4e70fc05f368c9b53d7738bf37637682b650d96c742805d2da26c32"
url = "https://github.com/astral-sh/python-build-standalone/releases/download/20261001/cpython-3.14.8+20261001-x86_64-unknown-linux-gnu-install_only_stripped.tar.gz"
provenance = "github-attestations"

[tools.python."platforms.macos-arm64"]
checksum = "sha256:69e48cd7f54261df5b6abbd374f69fe6e496fa781d271592aeef49cd5ffbea6c"
url = "https://github.com/astral-sh/python-build-standalone/releases/download/20261001/cpython-3.14.8+20261001-aarch64-apple-darwin-install_only_stripped.tar.gz"
provenance = "github-attestations"
